
Microsoft Visual Studio Solution File, Format Version 12.00
# Visual Studio Version 16
VisualStudioVersion = 16.0.32106.194
MinimumVisualStudioVersion = 10.0.40219.1
Project("{FAE04EC0-301F-11D3-BF4B-00C04F79EFBC}") = "Assignment02", "Assignment02\Assignment02.csproj", "{A0C7137B-31F9-469A-948D-54697B5B5D06}"
EndProject
Project("{FAE04EC0-301F-11D3-BF4B-00C04F79EFBC}") = "Assignment02.Tests", "Assignment02.Tests\Assignment02.Tests.csproj", "{4774CEE6-E44E-49D3-AEE3-543F04E18E58}"
EndProject
Global
	GlobalSection(SolutionConfigurationPlatforms) = preSolution
		Debug|Any CPU = Debug|Any CPU
		Release|Any CPU = Release|Any CPU
	EndGlobalSection
	GlobalSection(ProjectConfigurationPlatforms) = postSolution
		{A0C7137B-31F9-469A-948D-54697B5B5D06}.Debug|Any CPU.ActiveCfg = Debug|Any CPU
		{A0C7137B-31F9-469A-948D-54697B5B5D06}.Debug|Any CPU.Build.0 = Debug|Any CPU
		{A0C7137B-31F9-469A-948D-54697B5B5D06}.Release|Any CPU.ActiveCfg = Release|Any CPU
		{A0C7137B-31F9-469A-948D-54697B5B5D06}.Release|Any CPU.Build.0 = Release|Any CPU
		{4774CEE6-E44E-49D3-AEE3-543F04E18E58}.Debug|Any CPU.ActiveCfg = Debug|Any CPU
		{4774CEE6-E44E-49D3-AEE3-543F04E18E58}.Debug|Any CPU.Build.0 = Debug|Any CPU
		{4774CEE6-E44E-49D3-AEE3-543F04E18E58}.Release|Any CPU.ActiveCfg = Release|Any CPU
		{4774CEE6-E44E-49D3-AEE3-543F04E18E58}.Release|Any CPU.Build.0 = Release|Any CPU
	EndGlobalSection
	GlobalSection(SolutionProperties) = preSolution
		HideSolutionNode = FALSE
	EndGlobalSection
	GlobalSection(ExtensibilityGlobals) = postSolution
		SolutionGuid = {FC5161A5-8023-4F89-A016-BB035E63BDB2}
	EndGlobalSection
EndGlobal
